<Solution>
  <Project Path="HabitTracker.API/HabitTracker.API.csproj" />
  <Project Path="HabitTracker.Application/HabitTracker.Application.csproj" />
  <Project Path="HabitTracker.Domain/HabitTracker.Domain.csproj" />
  <Project Path="HabitTracker.Infrastructure/HabitTracker.Infrastructure.csproj" />
</Solution>
